
Microsoft Visual Studio Solution File, Format Version 12.00
# Visual Studio 15
VisualStudioVersion = 15.0.27130.2026
MinimumVisualStudioVersion = 10.0.40219.1
Project("{FAE04EC0-301F-11D3-BF4B-00C04F79EFBC}") = "DifferenceBetweenDates", "DifferenceBetweenDates\DifferenceBetweenDates.csproj", "{4B03F4EE-363E-4B28-A556-F6ACC1B68021}"
EndProject
Project("{FAE04EC0-301F-11D3-BF4B-00C04F79EFBC}") = "DifferenceBetweenDatesTest", "DifferenceBetweenDatesTest\DifferenceBetweenDatesTest.csproj", "{075328C4-053C-4308-BF7D-5122761103BC}"
EndProject
Global
	GlobalSection(SolutionConfigurationPlatforms) = preSolution
		Debug|Any CPU = Debug|Any CPU
		Release|Any CPU = Release|Any CPU
	EndGlobalSection
	GlobalSection(ProjectConfigurationPlatforms) = postSolution
		{4B03F4EE-363E-4B28-A556-F6ACC1B68021}.Debug|Any CPU.ActiveCfg = Debug|Any CPU
		{4B03F4EE-363E-4B28-A556-F6ACC1B68021}.Debug|Any CPU.Build.0 = Debug|Any CPU
		{4B03F4EE-363E-4B28-A556-F6ACC1B68021}.Release|Any CPU.ActiveCfg = Release|Any CPU
		{4B03F4EE-363E-4B28-A556-F6ACC1B68021}.Release|Any CPU.Build.0 = Release|Any CPU
		{075328C4-053C-4308-BF7D-5122761103BC}.Debug|Any CPU.ActiveCfg = Debug|Any CPU
		{075328C4-053C-4308-BF7D-5122761103BC}.Debug|Any CPU.Build.0 = Debug|Any CPU
		{075328C4-053C-4308-BF7D-5122761103BC}.Release|Any CPU.ActiveCfg = Release|Any CPU
		{075328C4-053C-4308-BF7D-5122761103BC}.Release|Any CPU.Build.0 = Release|Any CPU
	EndGlobalSection
	GlobalSection(SolutionProperties) = preSolution
		HideSolutionNode = FALSE
	EndGlobalSection
	GlobalSection(ExtensibilityGlobals) = postSolution
		SolutionGuid = {2C7D9B51-1DC1-4AC5-843E-21FF7356CB1A}
	EndGlobalSection
EndGlobal
